{
  "nodes": {
    "darwin": {
      "inputs": {
        "nixpkgs": [
          "nixpkgs"
        ]
      },
      "locked": {
        "lastModified": 1768764703,
        "narHash": "sha256-5ulSDyOG1U+1sJhkJHYsUOWEsmtLl97O0NTVMvgIVyc=",
        "owner": "lnl7",
        "repo": "nix-darwin",
        "rev": "0fc4e7ac670a0ed874abacf73c4b072a6a58064b",
        "type": "github"
      },
      "original": {
        "owner": "lnl7",
        "ref": "master",
        "repo": "nix-darwin",
        "type": "github"
      }
    },
    "flake-parts": {
      "inputs": {
        "nixpkgs-lib": [
          "neovim-nightly",
          "nixpkgs"
        ]
      },
      "locked": {
        "lastModified": 1768135262,
        "narHash": "sha256-PVvu7OqHBGWN16zSi6tEmPwwHQ4rLPU9Plvs8/1TUBY=",
        "owner": "hercules-ci",
        "repo": "flake-parts",
        "rev": "80daad04eddbbf5a4d883996a73f3f542fa437ac",
        "type": "github"
      },
      "original": {
        "owner": "hercules-ci",
        "repo": "flake-parts",
        "type": "github"
      }
    },
    "flake-utils": {
      "inputs": {
        "systems": "systems"
      },
      "locked": {
        "lastModified": 1731533236,
        "narHash": "sha256-l0KFg5HjrsfsO/JpG+r7fRrqm12kzFHyUHqHCVpMMbI=",
        "owner": "numtide",
        "repo": "flake-utils",
        "rev": "11707dc2f618dd54ca8739b309ec4fc024de578b",
        "type": "github"
      },
      "original": {
        "owner": "numtide",
        "repo": "flake-utils",
        "type": "github"
      }
    },
    "home-manager": {
      "inputs": {
        "nixpkgs": [
          "nixpkgs"
        ]
      },
      "locked": {
        "lastModified": 1769102673,
        "narHash": "sha256-/qvRFjn1s3bIJdSKG6IpaE6ML3j9anQKUqGhmt4Qe+E=",
        "owner": "nix-community",
        "repo": "home-manager",
        "rev": "b0491fe55680bd19be8e74847969dad9d7784658",
        "type": "github"
      },
      "original": {
        "owner": "nix-community",
        "ref": "master",
        "repo": "home-manager",
        "type": "github"
      }
    },
    "hyperion": {
      "flake": false,
      "locked": {
        "lastModified": 1769115137,
        "narHash": "sha256-BIW1CJuVNOW9WTyf7wc7p27wWjE10uVWdeKcQwXbgsg=",
        "ref": "refs/heads/main",
        "rev": "6f97f699c67b84789aa4709663661cf21d7945a0",
        "revCount": 7,
        "type": "git",
        "url": "ssh://git@github.com/dgabka/config.hyperion.nix.git"
      },
      "original": {
        "type": "git",
        "url": "ssh://git@github.com/dgabka/config.hyperion.nix.git"
      }
    },
    "neovim-nightly": {
      "inputs": {
        "flake-parts": "flake-parts",
        "neovim-src": "neovim-src",
        "nixpkgs": [
          "nixpkgs"
        ]
      },
      "locked": {
        "lastModified": 1769040284,
        "narHash": "sha256-zgZfWwXyL9EDqkTEk0y7hB2wUrsNhpTjoVZpmGa3VHw=",
        "owner": "nix-community",
        "repo": "neovim-nightly-overlay",
        "rev": "ce27c2327ff2e41f79aa0b5933b931708d6f6804",
        "type": "github"
      },
      "original": {
        "owner": "nix-community",
        "repo": "neovim-nightly-overlay",
        "type": "github"
      }
    },
    "neovim-src": {
      "flake": false,
      "locked": {
        "lastModified": 1768992167,
        "narHash": "sha256-pCe5bvBt8VYF/IrDY2RDmA0412YR5Uq0kbYRp/zBI4g=",
        "owner": "neovim",
        "repo": "neovim",
        "rev": "25ce44845d2adf94dfc91c70eb792a50d8274aa1",
        "type": "github"
      },
      "original": {
        "owner": "neovim",
        "repo": "neovim",
        "type": "github"
      }
    },
    "nixpkgs": {
      "locked": {
        "lastModified": 1769114918,
        "narHash": "sha256-4uBOrLQXwA1wNx3VrMmpKVXAPP/J/h34AOe3+G+ME0w=",
        "owner": "nixos",
        "repo": "nixpkgs",
        "rev": "427b846eb1b0e5158feb5a17607d32f134a21ae4",
        "type": "github"
      },
      "original": {
        "owner": "nixos",
        "ref": "master",
        "repo": "nixpkgs",
        "type": "github"
      }
    },
    "nixpkgs_2": {
      "locked": {
        "lastModified": 1744536153,
        "narHash": "sha256-awS2zRgF4uTwrOKwwiJcByDzDOdo3Q1rPZbiHQg/N38=",
        "owner": "NixOS",
        "repo": "nixpkgs",
        "rev": "18dd725c29603f582cf1900e0d25f9f1063dbf11",
        "type": "github"
      },
      "original": {
        "owner": "NixOS",
        "ref": "nixpkgs-unstable",
        "repo": "nixpkgs",
        "type": "github"
      }
    },
    "root": {
      "inputs": {
        "darwin": "darwin",
        "flake-utils": "flake-utils",
        "home-manager": "home-manager",
        "hyperion": "hyperion",
        "neovim-nightly": "neovim-nightly",
        "nixpkgs": "nixpkgs",
        "rust-overlay": "rust-overlay"
      }
    },
    "rust-overlay": {
      "inputs": {
        "nixpkgs": "nixpkgs_2"
      },
      "locked": {
        "lastModified": 1769091129,
        "narHash": "sha256-Jj/vIHjiu4OdDIrDXZ3xOPCJrMZZKzhE2UIVXV/NYzY=",
        "owner": "oxalica",
        "repo": "rust-overlay",
        "rev": "131e22d6a6d54ab72aeef6a5a661ab7005b4c596",
        "type": "github"
      },
      "original": {
        "owner": "oxalica",
        "repo": "rust-overlay",
        "type": "github"
      }
    },
    "systems": {
      "locked": {
        "lastModified": 1681028828,
        "narHash": "sha256-Vy1rq5AaRuLzOxct8nz4T6wlgyUR7zLU309k9mBC768=",
        "owner": "nix-systems",
        "repo": "default",
        "rev": "da67096a3b9bf56a91d16901293e51ba5b49a27e",
        "type": "github"
      },
      "original": {
        "owner": "nix-systems",
        "repo": "default",
        "type": "github"
      }
    }
  },
  "root": "root",
  "version": 7
}
